
Microsoft Visual Studio Solution File, Format Version 12.00
# Visual Studio 15
VisualStudioVersion = 15.0.27130.2024
MinimumVisualStudioVersion = 10.0.40219.1
Project("{FAE04EC0-301F-11D3-BF4B-00C04F79EFBC}") = "strings2", "strings2\strings2.csproj", "{1419E38B-DD3B-457C-816C-ED3E39A9A953}"
EndProject
Global
	GlobalSection(SolutionConfigurationPlatforms) = preSolution
		Debug|Any CPU = Debug|Any CPU
		Release|Any CPU = Release|Any CPU
	EndGlobalSection
	GlobalSection(ProjectConfigurationPlatforms) = postSolution
		{1419E38B-DD3B-457C-816C-ED3E39A9A953}.Debug|Any CPU.ActiveCfg = Debug|Any CPU
		{1419E38B-DD3B-457C-816C-ED3E39A9A953}.Debug|Any CPU.Build.0 = Debug|Any CPU
		{1419E38B-DD3B-457C-816C-ED3E39A9A953}.Release|Any CPU.ActiveCfg = Release|Any CPU
		{1419E38B-DD3B-457C-816C-ED3E39A9A953}.Release|Any CPU.Build.0 = Release|Any CPU
	EndGlobalSection
	GlobalSection(SolutionProperties) = preSolution
		HideSolutionNode = FALSE
	EndGlobalSection
	GlobalSection(ExtensibilityGlobals) = postSolution
		SolutionGuid = {513B05A7-4A07-43C3-9BCA-56F843F4E6F3}
	EndGlobalSection
EndGlobal
