
Microsoft Visual Studio Solution File, Format Version 12.00
# Visual Studio 15
VisualStudioVersion = 15.0.27130.2024
MinimumVisualStudioVersion = 10.0.40219.1
Project("{FAE04EC0-301F-11D3-BF4B-00C04F79EFBC}") = "Add2Integers", "Add2Integers\Add2Integers.csproj", "{37B1E976-6983-4230-918B-87BEED3F1011}"
EndProject
Global
	GlobalSection(SolutionConfigurationPlatforms) = preSolution
		Debug|Any CPU = Debug|Any CPU
		Release|Any CPU = Release|Any CPU
	EndGlobalSection
	GlobalSection(ProjectConfigurationPlatforms) = postSolution
		{37B1E976-6983-4230-918B-87BEED3F1011}.Debug|Any CPU.ActiveCfg = Debug|Any CPU
		{37B1E976-6983-4230-918B-87BEED3F1011}.Debug|Any CPU.Build.0 = Debug|Any CPU
		{37B1E976-6983-4230-918B-87BEED3F1011}.Release|Any CPU.ActiveCfg = Release|Any CPU
		{37B1E976-6983-4230-918B-87BEED3F1011}.Release|Any CPU.Build.0 = Release|Any CPU
	EndGlobalSection
	GlobalSection(SolutionProperties) = preSolution
		HideSolutionNode = FALSE
	EndGlobalSection
	GlobalSection(ExtensibilityGlobals) = postSolution
		SolutionGuid = {277A4E75-0C3B-4580-BCF2-8BD18378F3F6}
	EndGlobalSection
EndGlobal
